
Microsoft Visual Studio Solution File, Format Version 12.00
# Visual Studio Version 17
VisualStudioVersion = 17.14.36301.6 d17.14
MinimumVisualStudioVersion = 10.0.40219.1
Project("{FAE04EC0-301F-11D3-BF4B-00C04F79EFBC}") = "FitnessLogApp", "FitnessLogApp.csproj", "{F11D2631-A605-4ED7-9872-731F45EE1B2F}"
EndProject
Global
	GlobalSection(SolutionConfigurationPlatforms) = preSolution
		Debug|Any CPU = Debug|Any CPU
		Release|Any CPU = Release|Any CPU
	EndGlobalSection
	GlobalSection(ProjectConfigurationPlatforms) = postSolution
		{F11D2631-A605-4ED7-9872-731F45EE1B2F}.Debug|Any CPU.ActiveCfg = Debug|Any CPU
		{F11D2631-A605-4ED7-9872-731F45EE1B2F}.Debug|Any CPU.Build.0 = Debug|Any CPU
		{F11D2631-A605-4ED7-9872-731F45EE1B2F}.Release|Any CPU.ActiveCfg = Release|Any CPU
		{F11D2631-A605-4ED7-9872-731F45EE1B2F}.Release|Any CPU.Build.0 = Release|Any CPU
	EndGlobalSection
	GlobalSection(SolutionProperties) = preSolution
		HideSolutionNode = FALSE
	EndGlobalSection
	GlobalSection(ExtensibilityGlobals) = postSolution
		SolutionGuid = {B6BB9572-82AF-422E-81A0-FCA1475C84AF}
	EndGlobalSection
EndGlobal
